# THIS IS AN AUTOGENERATED FILE. DO NOT EDIT THIS FILE DIRECTLY.
# yarn lockfile v1


popper.js@^1.14.7:
  version "1.16.1"
  resolved "https://registry.npm.taobao.org/popper.js/download/popper.js-1.16.1.tgz#2a223cb3dc7b6213d740e40372be40de43e65b1b"
  integrity sha1-KiI8s9x7YhPXQOQDcr5A3kPmWxs=

tippy.js@^4.3.5:
  version "4.3.5"
  resolved "https://registry.npmmirror.com/tippy.js/download/tippy.js-4.3.5.tgz#882bff8d92f09bb0546d2826d5668c0560006f54"
  integrity sha1-iCv/jZLwm7BUbSgm1WaMBWAAb1Q=
  dependencies:
    popper.js "^1.14.7"

vue@^2.6.14:
  version "2.6.14"
  resolved "https://registry.npmmirror.com/vue/download/vue-2.6.14.tgz#e51aa5250250d569a3fbad3a8a5a687d6036e235"
  integrity sha1-5RqlJQJQ1Wmj+606ilpofWA24jU=
